uuid: 268845ea-29b6-4fca-8855-38a3fedafef0
langcode: en
status: true
dependencies:
  config:
    - views.view.taxonomy_term_display
  module:
    - node
    - views
  theme:
    - pbtara
id: pbtara_views_block__taxonomy_term_display_category_block
theme: pbtara
region: sidebar_second
weight: -10
provider: null
plugin: 'views_block:taxonomy_term_display-category_block'
settings:
  id: 'views_block:taxonomy_term_display-category_block'
  label: ''
  label_display: visible
  provider: views
  views_label: ''
  items_per_page: none
visibility:
  'entity_bundle:node':
    id: 'entity_bundle:node'
    negate: false
    context_mapping:
      node: '@node.node_route_context:node'
    bundles:
      article: article
      video_article: video_article
