uuid: 32dac4c4-522d-47ef-9116-f105aaab2711
langcode: en
status: true
dependencies:
  module:
    - node
id: node.field_modules_unlock
field_name: field_modules_unlock
entity_type: node
type: boolean
settings: {  }
module: core
locked: false
cardinality: 1
translatable: true
indexes: {  }
persist_with_no_fields: false
custom_storage: false
